// !$*UTF8*$!
{
	archiveVersion = 1;
	classes = {
	};
	objectVersion = 52;
	objects = {

/* Begin PBXBuildFile section */
		0B44397D26A6DD770065FD42 /* AppDelegate.swift in Sources */ = {isa = PBXBuildFile; fileRef = 0B44397C26A6DD770065FD42 /* AppDelegate.swift */; };
		0B44397F26A6DD770065FD42 /* SceneDelegate.swift in Sources */ = {isa = PBXBuildFile; fileRef = 0B44397E26A6DD770065FD42 /* SceneDelegate.swift */; };
		0B44398126A6DD770065FD42 /* ViewController.swift in Sources */ = {isa = PBXBuildFile; fileRef = 0B44398026A6DD770065FD42 /* ViewController.swift */; };
		0B44398626A6DD7A0065FD42 /* Assets.xcassets in Resources */ = {isa = PBXBuildFile; fileRef = 0B44398526A6DD7A0065FD42 /* Assets.xcassets */; };
		0B44398926A6DD7A0065FD42 /* LaunchScreen.storyboard in Resources */ = {isa = PBXBuildFile; fileRef = 0B44398726A6DD7A0065FD42 /* LaunchScreen.storyboard */; };
		0B70B38926A6DE870020EAB9 /* Network in Frameworks */ = {isa = PBXBuildFile; productRef = 0B70B38826A6DE870020EAB9 /* Network */; };
		0B70B39226A844AB0020EAB9 /* MainRouter.swift in Sources */ = {isa = PBXBuildFile; fileRef = 0B70B39126A844AB0020EAB9 /* MainRouter.swift */; };
		0B70B39426A844FE0020EAB9 /* UINavigationController+NavigationControllerProtocol.swift in Sources */ = {isa = PBXBuildFile; fileRef = 0B70B39326A844FE0020EAB9 /* UINavigationController+NavigationControllerProtocol.swift */; };
		0B70B39626A845160020EAB9 /* User.swift in Sources */ = {isa = PBXBuildFile; fileRef = 0B70B39526A845160020EAB9 /* User.swift */; };
		0B70B3A526A8524D0020EAB9 /* CaseIterableLastUnknown.swift in Sources */ = {isa = PBXBuildFile; fileRef = 0B70B3A426A8524D0020EAB9 /* CaseIterableLastUnknown.swift */; };
		0B70B3A726A854140020EAB9 /* UserMapper.swift in Sources */ = {isa = PBXBuildFile; fileRef = 0B70B3A626A854140020EAB9 /* UserMapper.swift */; };
		0B70B3AA26A85C4E0020EAB9 /* Color.swift in Sources */ = {isa = PBXBuildFile; fileRef = 0B70B3A926A85C4E0020EAB9 /* Color.swift */; };
		0B70B3AF26A85F780020EAB9 /* ColorTests.swift in Sources */ = {isa = PBXBuildFile; fileRef = 0B70B3AE26A85F780020EAB9 /* ColorTests.swift */; };
		0B70B3B226A861250020EAB9 /* MainRouterTests.swift in Sources */ = {isa = PBXBuildFile; fileRef = 0B70B3B126A861250020EAB9 /* MainRouterTests.swift */; };
		0B70B3B526A861A50020EAB9 /* MockNavigationController.swift in Sources */ = {isa = PBXBuildFile; fileRef = 0B70B3B426A861A50020EAB9 /* MockNavigationController.swift */; };
		0B70B3B726A861F50020EAB9 /* MockUser.swift in Sources */ = {isa = PBXBuildFile; fileRef = 0B70B3B626A861F50020EAB9 /* MockUser.swift */; };
		0B70B3BA26A862A70020EAB9 /* UserMapperTests.swift in Sources */ = {isa = PBXBuildFile; fileRef = 0B70B3B926A862A70020EAB9 /* UserMapperTests.swift */; };
		0B70B3BF26A872D50020EAB9 /* UserRepository.swift in Sources */ = {isa = PBXBuildFile; fileRef = 0B70B3BE26A872D50020EAB9 /* UserRepository.swift */; };
		0B70B3C126A874C20020EAB9 /* NetworkConfiguration.swift in Sources */ = {isa = PBXBuildFile; fileRef = 0B70B3C026A874C20020EAB9 /* NetworkConfiguration.swift */; };
		0B70B3C326A886320020EAB9 /* DashboardViewModel.swift in Sources */ = {isa = PBXBuildFile; fileRef = 0B70B3C226A886320020EAB9 /* DashboardViewModel.swift */; };
		0B70B3C526A886420020EAB9 /* DashboardViewController.swift in Sources */ = {isa = PBXBuildFile; fileRef = 0B70B3C426A886420020EAB9 /* DashboardViewController.swift */; };
/* End PBXBuildFile section */

/* Begin PBXContainerItemProxy section */
		0B44399026A6DD7A0065FD42 /* PBXContainerItemProxy */ = {
			isa = PBXContainerItemProxy;
			containerPortal = 0B44397126A6DD770065FD42 /* Project object */;
			proxyType = 1;
			remoteGlobalIDString = 0B44397826A6DD770065FD42;
			remoteInfo = ClearScoreExample;
		};
/* End PBXContainerItemProxy section */

/* Begin PBXFileReference section */
		0B44397926A6DD770065FD42 /* ClearScoreExample.app */ = {isa = PBXFileReference; explicitFileType = wrapper.application; includeInIndex = 0; path = ClearScoreExample.app; sourceTree = BUILT_PRODUCTS_DIR; };
		0B44397C26A6DD770065FD42 /* AppDelegate.swift */ = {isa = PBXFileReference; lastKnownFileType = sourcecode.swift; path = AppDelegate.swift; sourceTree = "<group>"; };
		0B44397E26A6DD770065FD42 /* SceneDelegate.swift */ = {isa = PBXFileReference; lastKnownFileType = sourcecode.swift; path = SceneDelegate.swift; sourceTree = "<group>"; };
		0B44398026A6DD770065FD42 /* ViewController.swift */ = {isa = PBXFileReference; lastKnownFileType = sourcecode.swift; path = ViewController.swift; sourceTree = "<group>"; };
		0B44398526A6DD7A0065FD42 /* Assets.xcassets */ = {isa = PBXFileReference; lastKnownFileType = folder.assetcatalog; path = Assets.xcassets; sourceTree = "<group>"; };
		0B44398826A6DD7A0065FD42 /* Base */ = {isa = PBXFileReference; lastKnownFileType = file.storyboard; name = Base; path = Base.lproj/LaunchScreen.storyboard; sourceTree = "<group>"; };
		0B44398A26A6DD7A0065FD42 /* Info.plist */ = {isa = PBXFileReference; lastKnownFileType = text.plist.xml; path = Info.plist; sourceTree = "<group>"; };
		0B44398F26A6DD7A0065FD42 /* ClearScoreExampleTests.xctest */ = {isa = PBXFileReference; explicitFileType = wrapper.cfbundle; includeInIndex = 0; path = ClearScoreExampleTests.xctest; sourceTree = BUILT_PRODUCTS_DIR; };
		0B44399526A6DD7A0065FD42 /* Info.plist */ = {isa = PBXFileReference; lastKnownFileType = text.plist.xml; path = Info.plist; sourceTree = "<group>"; };
		0B70B39126A844AB0020EAB9 /* MainRouter.swift */ = {isa = PBXFileReference; lastKnownFileType = sourcecode.swift; path = MainRouter.swift; sourceTree = "<group>"; };
		0B70B39326A844FE0020EAB9 /* UINavigationController+NavigationControllerProtocol.swift */ = {isa = PBXFileReference; lastKnownFileType = sourcecode.swift; path = "UINavigationController+NavigationControllerProtocol.swift"; sourceTree = "<group>"; };
		0B70B39526A845160020EAB9 /* User.swift */ = {isa = PBXFileReference; lastKnownFileType = sourcecode.swift; path = User.swift; sourceTree = "<group>"; };
		0B70B3A426A8524D0020EAB9 /* CaseIterableLastUnknown.swift */ = {isa = PBXFileReference; lastKnownFileType = sourcecode.swift; path = CaseIterableLastUnknown.swift; sourceTree = "<group>"; };
		0B70B3A626A854140020EAB9 /* UserMapper.swift */ = {isa = PBXFileReference; lastKnownFileType = sourcecode.swift; path = UserMapper.swift; sourceTree = "<group>"; };
		0B70B3A926A85C4E0020EAB9 /* Color.swift */ = {isa = PBXFileReference; lastKnownFileType = sourcecode.swift; path = Color.swift; sourceTree = "<group>"; };
		0B70B3AE26A85F780020EAB9 /* ColorTests.swift */ = {isa = PBXFileReference; lastKnownFileType = sourcecode.swift; path = ColorTests.swift; sourceTree = "<group>"; };
		0B70B3B126A861250020EAB9 /* MainRouterTests.swift */ = {isa = PBXFileReference; lastKnownFileType = sourcecode.swift; path = MainRouterTests.swift; sourceTree = "<group>"; };
		0B70B3B426A861A50020EAB9 /* MockNavigationController.swift */ = {isa = PBXFileReference; lastKnownFileType = sourcecode.swift; path = MockNavigationController.swift; sourceTree = "<group>"; };
		0B70B3B626A861F50020EAB9 /* MockUser.swift */ = {isa = PBXFileReference; lastKnownFileType = sourcecode.swift; path = MockUser.swift; sourceTree = "<group>"; };
		0B70B3B926A862A70020EAB9 /* UserMapperTests.swift */ = {isa = PBXFileReference; lastKnownFileType = sourcecode.swift; path = UserMapperTests.swift; sourceTree = "<group>"; };
		0B70B3BE26A872D50020EAB9 /* UserRepository.swift */ = {isa = PBXFileReference; lastKnownFileType = sourcecode.swift; path = UserRepository.swift; sourceTree = "<group>"; };
		0B70B3C026A874C20020EAB9 /* NetworkConfiguration.swift */ = {isa = PBXFileReference; lastKnownFileType = sourcecode.swift; path = NetworkConfiguration.swift; sourceTree = "<group>"; };
		0B70B3C226A886320020EAB9 /* DashboardViewModel.swift */ = {isa = PBXFileReference; lastKnownFileType = sourcecode.swift; path = DashboardViewModel.swift; sourceTree = "<group>"; };
		0B70B3C426A886420020EAB9 /* DashboardViewController.swift */ = {isa = PBXFileReference; lastKnownFileType = sourcecode.swift; path = DashboardViewController.swift; sourceTree = "<group>"; };
/* End PBXFileReference section */

/* Begin PBXFrameworksBuildPhase section */
		0B44397626A6DD770065FD42 /* Frameworks */ = {
			isa = PBXFrameworksBuildPhase;
			buildActionMask = 2147483647;
			files = (
				0B70B38926A6DE870020EAB9 /* Network in Frameworks */,
			);
			runOnlyForDeploymentPostprocessing = 0;
		};
		0B44398C26A6DD7A0065FD42 /* Frameworks */ = {
			isa = PBXFrameworksBuildPhase;
			buildActionMask = 2147483647;
			files = (
			);
			runOnlyForDeploymentPostprocessing = 0;
		};
/* End PBXFrameworksBuildPhase section */

/* Begin PBXGroup section */
		0B44397026A6DD770065FD42 = {
			isa = PBXGroup;
			children = (
				0B44397B26A6DD770065FD42 /* ClearScoreExample */,
				0B44399226A6DD7A0065FD42 /* ClearScoreExampleTests */,
				0B44397A26A6DD770065FD42 /* Products */,
				0B70B38726A6DE870020EAB9 /* Frameworks */,
			);
			sourceTree = "<group>";
		};
		0B44397A26A6DD770065FD42 /* Products */ = {
			isa = PBXGroup;
			children = (
				0B44397926A6DD770065FD42 /* ClearScoreExample.app */,
				0B44398F26A6DD7A0065FD42 /* ClearScoreExampleTests.xctest */,
			);
			name = Products;
			sourceTree = "<group>";
		};
		0B44397B26A6DD770065FD42 /* ClearScoreExample */ = {
			isa = PBXGroup;
			children = (
				0B70B3BD26A872B70020EAB9 /* Repositories */,
				0B70B3A326A8523C0020EAB9 /* Utility */,
				0B70B39026A844990020EAB9 /* Navigation */,
				0B70B38F26A844760020EAB9 /* Models */,
				0B70B38C26A844380020EAB9 /* Screens */,
				0B70B38B26A843E90020EAB9 /* Resources */,
				0B70B38A26A843D90020EAB9 /* Main */,
				0B44398026A6DD770065FD42 /* ViewController.swift */,
			);
			path = ClearScoreExample;
			sourceTree = "<group>";
		};
		0B44399226A6DD7A0065FD42 /* ClearScoreExampleTests */ = {
			isa = PBXGroup;
			children = (
				0B70B3B326A861900020EAB9 /* Mocks */,
				0B70B3B826A8628F0020EAB9 /* Models */,
				0B70B3B026A860F30020EAB9 /* Navigation */,
				0B70B3AB26A85F400020EAB9 /* Utility */,
				0B44399526A6DD7A0065FD42 /* Info.plist */,
			);
			path = ClearScoreExampleTests;
			sourceTree = "<group>";
		};
		0B70B38726A6DE870020EAB9 /* Frameworks */ = {
			isa = PBXGroup;
			children = (
			);
			name = Frameworks;
			sourceTree = "<group>";
		};
		0B70B38A26A843D90020EAB9 /* Main */ = {
			isa = PBXGroup;
			children = (
				0B44397E26A6DD770065FD42 /* SceneDelegate.swift */,
				0B44397C26A6DD770065FD42 /* AppDelegate.swift */,
				0B70B3C026A874C20020EAB9 /* NetworkConfiguration.swift */,
			);
			path = Main;
			sourceTree = "<group>";
		};
		0B70B38B26A843E90020EAB9 /* Resources */ = {
			isa = PBXGroup;
			children = (
				0B44398A26A6DD7A0065FD42 /* Info.plist */,
				0B44398726A6DD7A0065FD42 /* LaunchScreen.storyboard */,
				0B44398526A6DD7A0065FD42 /* Assets.xcassets */,
			);
			path = Resources;
			sourceTree = "<group>";
		};
		0B70B38C26A844380020EAB9 /* Screens */ = {
			isa = PBXGroup;
			children = (
				0B70B38E26A844490020EAB9 /* Detail */,
				0B70B38D26A8443F0020EAB9 /* Dashboard */,
			);
			path = Screens;
			sourceTree = "<group>";
		};
		0B70B38D26A8443F0020EAB9 /* Dashboard */ = {
			isa = PBXGroup;
			children = (
				0B70B3C226A886320020EAB9 /* DashboardViewModel.swift */,
				0B70B3C426A886420020EAB9 /* DashboardViewController.swift */,
			);
			path = Dashboard;
			sourceTree = "<group>";
		};
		0B70B38E26A844490020EAB9 /* Detail */ = {
			isa = PBXGroup;
			children = (
			);
			path = Detail;
			sourceTree = "<group>";
		};
		0B70B38F26A844760020EAB9 /* Models */ = {
			isa = PBXGroup;
			children = (
				0B70B39526A845160020EAB9 /* User.swift */,
				0B70B3A626A854140020EAB9 /* UserMapper.swift */,
			);
			path = Models;
			sourceTree = "<group>";
		};
		0B70B39026A844990020EAB9 /* Navigation */ = {
			isa = PBXGroup;
			children = (
				0B70B39126A844AB0020EAB9 /* MainRouter.swift */,
				0B70B39326A844FE0020EAB9 /* UINavigationController+NavigationControllerProtocol.swift */,
			);
			path = Navigation;
			sourceTree = "<group>";
		};
		0B70B3A326A8523C0020EAB9 /* Utility */ = {
			isa = PBXGroup;
			children = (
				0B70B3A426A8524D0020EAB9 /* CaseIterableLastUnknown.swift */,
				0B70B3A926A85C4E0020EAB9 /* Color.swift */,
			);
			path = Utility;
			sourceTree = "<group>";
		};
		0B70B3AB26A85F400020EAB9 /* Utility */ = {
			isa = PBXGroup;
			children = (
				0B70B3AE26A85F780020EAB9 /* ColorTests.swift */,
			);
			path = Utility;
			sourceTree = "<group>";
		};
		0B70B3B026A860F30020EAB9 /* Navigation */ = {
			isa = PBXGroup;
			children = (
				0B70B3B126A861250020EAB9 /* MainRouterTests.swift */,
			);
			path = Navigation;
			sourceTree = "<group>";
		};
		0B70B3B326A861900020EAB9 /* Mocks */ = {
			isa = PBXGroup;
			children = (
				0B70B3B426A861A50020EAB9 /* MockNavigationController.swift */,
				0B70B3B626A861F50020EAB9 /* MockUser.swift */,
			);
			path = Mocks;
			sourceTree = "<group>";
		};
		0B70B3B826A8628F0020EAB9 /* Models */ = {
			isa = PBXGroup;
			children = (
				0B70B3B926A862A70020EAB9 /* UserMapperTests.swift */,
			);
			path = Models;
			sourceTree = "<group>";
		};
		0B70B3BD26A872B70020EAB9 /* Repositories */ = {
			isa = PBXGroup;
			children = (
				0B70B3BE26A872D50020EAB9 /* UserRepository.swift */,
			);
			path = Repositories;
			sourceTree = "<group>";
		};
/* End PBXGroup section */

/* Begin PBXNativeTarget section */
		0B44397826A6DD770065FD42 /* ClearScoreExample */ = {
			isa = PBXNativeTarget;
			buildConfigurationList = 0B4439A326A6DD7A0065FD42 /* Build configuration list for PBXNativeTarget "ClearScoreExample" */;
			buildPhases = (
				0B44397526A6DD770065FD42 /* Sources */,
				0B44397626A6DD770065FD42 /* Frameworks */,
				0B44397726A6DD770065FD42 /* Resources */,
			);
			buildRules = (
			);
			dependencies = (
			);
			name = ClearScoreExample;
			packageProductDependencies = (
				0B70B38826A6DE870020EAB9 /* Network */,
			);
			productName = ClearScoreExample;
			productReference = 0B44397926A6DD770065FD42 /* ClearScoreExample.app */;
			productType = "com.apple.product-type.application";
		};
		0B44398E26A6DD7A0065FD42 /* ClearScoreExampleTests */ = {
			isa = PBXNativeTarget;
			buildConfigurationList = 0B4439A626A6DD7A0065FD42 /* Build configuration list for PBXNativeTarget "ClearScoreExampleTests" */;
			buildPhases = (
				0B44398B26A6DD7A0065FD42 /* Sources */,
				0B44398C26A6DD7A0065FD42 /* Frameworks */,
				0B44398D26A6DD7A0065FD42 /* Resources */,
			);
			buildRules = (
			);
			dependencies = (
				0B44399126A6DD7A0065FD42 /* PBXTargetDependency */,
			);
			name = ClearScoreExampleTests;
			productName = ClearScoreExampleTests;
			productReference = 0B44398F26A6DD7A0065FD42 /* ClearScoreExampleTests.xctest */;
			productType = "com.apple.product-type.bundle.unit-test";
		};
/* End PBXNativeTarget section */

/* Begin PBXProject section */
		0B44397126A6DD770065FD42 /* Project object */ = {
			isa = PBXProject;
			attributes = {
				LastSwiftUpdateCheck = 1250;
				LastUpgradeCheck = 1250;
				TargetAttributes = {
					0B44397826A6DD770065FD42 = {
						CreatedOnToolsVersion = 12.5.1;
					};
					0B44398E26A6DD7A0065FD42 = {
						CreatedOnToolsVersion = 12.5.1;
						LastSwiftMigration = 1250;
						TestTargetID = 0B44397826A6DD770065FD42;
					};
				};
			};
			buildConfigurationList = 0B44397426A6DD770065FD42 /* Build configuration list for PBXProject "ClearScoreExample" */;
			compatibilityVersion = "Xcode 9.3";
			developmentRegion = en;
			hasScannedForEncodings = 0;
			knownRegions = (
				en,
				Base,
			);
			mainGroup = 0B44397026A6DD770065FD42;
			productRefGroup = 0B44397A26A6DD770065FD42 /* Products */;
			projectDirPath = "";
			projectRoot = "";
			targets = (
				0B44397826A6DD770065FD42 /* ClearScoreExample */,
				0B44398E26A6DD7A0065FD42 /* ClearScoreExampleTests */,
			);
		};
/* End PBXProject section */

/* Begin PBXResourcesBuildPhase section */
		0B44397726A6DD770065FD42 /* Resources */ = {
			isa = PBXResourcesBuildPhase;
			buildActionMask = 2147483647;
			files = (
				0B44398926A6DD7A0065FD42 /* LaunchScreen.storyboard in Resources */,
				0B44398626A6DD7A0065FD42 /* Assets.xcassets in Resources */,
			);
			runOnlyForDeploymentPostprocessing = 0;
		};
		0B44398D26A6DD7A0065FD42 /* Resources */ = {
			isa = PBXResourcesBuildPhase;
			buildActionMask = 2147483647;
			files = (
			);
			runOnlyForDeploymentPostprocessing = 0;
		};
/* End PBXResourcesBuildPhase section */

/* Begin PBXSourcesBuildPhase section */
		0B44397526A6DD770065FD42 /* Sources */ = {
			isa = PBXSourcesBuildPhase;
			buildActionMask = 2147483647;
			files = (
				0B70B39426A844FE0020EAB9 /* UINavigationController+NavigationControllerProtocol.swift in Sources */,
				0B44398126A6DD770065FD42 /* ViewController.swift in Sources */,
				0B70B39626A845160020EAB9 /* User.swift in Sources */,
				0B70B3C326A886320020EAB9 /* DashboardViewModel.swift in Sources */,
				0B70B39226A844AB0020EAB9 /* MainRouter.swift in Sources */,
				0B44397D26A6DD770065FD42 /* AppDelegate.swift in Sources */,
				0B70B3A526A8524D0020EAB9 /* CaseIterableLastUnknown.swift in Sources */,
				0B70B3C526A886420020EAB9 /* DashboardViewController.swift in Sources */,
				0B44397F26A6DD770065FD42 /* SceneDelegate.swift in Sources */,
				0B70B3A726A854140020EAB9 /* UserMapper.swift in Sources */,
				0B70B3BF26A872D50020EAB9 /* UserRepository.swift in Sources */,
				0B70B3AA26A85C4E0020EAB9 /* Color.swift in Sources */,
				0B70B3C126A874C20020EAB9 /* NetworkConfiguration.swift in Sources */,
			);
			runOnlyForDeploymentPostprocessing = 0;
		};
		0B44398B26A6DD7A0065FD42 /* Sources */ = {
			isa = PBXSourcesBuildPhase;
			buildActionMask = 2147483647;
			files = (
				0B70B3AF26A85F780020EAB9 /* ColorTests.swift in Sources */,
				0B70B3B226A861250020EAB9 /* MainRouterTests.swift in Sources */,
				0B70B3B726A861F50020EAB9 /* MockUser.swift in Sources */,
				0B70B3B526A861A50020EAB9 /* MockNavigationController.swift in Sources */,
				0B70B3BA26A862A70020EAB9 /* UserMapperTests.swift in Sources */,
			);
			runOnlyForDeploymentPostprocessing = 0;
		};
/* End PBXSourcesBuildPhase section */

/* Begin PBXTargetDependency section */
		0B44399126A6DD7A0065FD42 /* PBXTargetDependency */ = {
			isa = PBXTargetDependency;
			target = 0B44397826A6DD770065FD42 /* ClearScoreExample */;
			targetProxy = 0B44399026A6DD7A0065FD42 /* PBXContainerItemProxy */;
		};
/* End PBXTargetDependency section */

/* Begin PBXVariantGroup section */
		0B44398726A6DD7A0065FD42 /* LaunchScreen.storyboard */ = {
			isa = PBXVariantGroup;
			children = (
				0B44398826A6DD7A0065FD42 /* Base */,
			);
			name = LaunchScreen.storyboard;
			sourceTree = "<group>";
		};
/* End PBXVariantGroup section */

/* Begin XCBuildConfiguration section */
		0B4439A126A6DD7A0065FD42 /* Debug */ = {
			isa = XCBuildConfiguration;
			buildSettings = {
				ALWAYS_SEARCH_USER_PATHS = NO;
				CLANG_ANALYZER_NONNULL = YES;
				CLANG_ANALYZER_NUMBER_OBJECT_CONVERSION = YES_AGGRESSIVE;
				CLANG_CXX_LANGUAGE_STANDARD = "gnu++14";
				CLANG_CXX_LIBRARY = "libc++";
				CLANG_ENABLE_MODULES = YES;
				CLANG_ENABLE_OBJC_ARC = YES;
				CLANG_ENABLE_OBJC_WEAK = YES;
				CLANG_WARN_BLOCK_CAPTURE_AUTORELEASING = YES;
				CLANG_WARN_BOOL_CONVERSION = YES;
				CLANG_WARN_COMMA = YES;
				CLANG_WARN_CONSTANT_CONVERSION = YES;
				CLANG_WARN_DEPRECATED_OBJC_IMPLEMENTATIONS = YES;
				CLANG_WARN_DIRECT_OBJC_ISA_USAGE = YES_ERROR;
				CLANG_WARN_DOCUMENTATION_COMMENTS = YES;
				CLANG_WARN_EMPTY_BODY = YES;
				CLANG_WARN_ENUM_CONVERSION = YES;
				CLANG_WARN_INFINITE_RECURSION = YES;
				CLANG_WARN_INT_CONVERSION = YES;
				CLANG_WARN_NON_LITERAL_NULL_CONVERSION = YES;
				CLANG_WARN_OBJC_IMPLICIT_RETAIN_SELF = YES;
				CLANG_WARN_OBJC_LITERAL_CONVERSION = YES;
				CLANG_WARN_OBJC_ROOT_CLASS = YES_ERROR;
				CLANG_WARN_QUOTED_INCLUDE_IN_FRAMEWORK_HEADER = YES;
				CLANG_WARN_RANGE_LOOP_ANALYSIS = YES;
				CLANG_WARN_STRICT_PROTOTYPES = YES;
				CLANG_WARN_SUSPICIOUS_MOVE = YES;
				CLANG_WARN_UNGUARDED_AVAILABILITY = YES_AGGRESSIVE;
				CLANG_WARN_UNREACHABLE_CODE = YES;
				CLANG_WARN__DUPLICATE_METHOD_MATCH = YES;
				COPY_PHASE_STRIP = NO;
				DEBUG_INFORMATION_FORMAT = dwarf;
				ENABLE_STRICT_OBJC_MSGSEND = YES;
				ENABLE_TESTABILITY = YES;
				GCC_C_LANGUAGE_STANDARD = gnu11;
				GCC_DYNAMIC_NO_PIC = NO;
				GCC_NO_COMMON_BLOCKS = YES;
				GCC_OPTIMIZATION_LEVEL = 0;
				GCC_PREPROCESSOR_DEFINITIONS = (
					"DEBUG=1",
					"$(inherited)",
				);
				GCC_WARN_64_TO_32_BIT_CONVERSION = YES;
				GCC_WARN_ABOUT_RETURN_TYPE = YES_ERROR;
				GCC_WARN_UNDECLARED_SELECTOR = YES;
				GCC_WARN_UNINITIALIZED_AUTOS = YES_AGGRESSIVE;
				GCC_WARN_UNUSED_FUNCTION = YES;
				GCC_WARN_UNUSED_VARIABLE = YES;
				IPHONEOS_DEPLOYMENT_TARGET = 14.5;
				MTL_ENABLE_DEBUG_INFO = INCLUDE_SOURCE;
				MTL_FAST_MATH = YES;
				ONLY_ACTIVE_ARCH = YES;
				SDKROOT = iphoneos;
				SWIFT_ACTIVE_COMPILATION_CONDITIONS = DEBUG;
				SWIFT_OPTIMIZATION_LEVEL = "-Onone";
			};
			name = Debug;
		};
		0B4439A226A6DD7A0065FD42 /* Release */ = {
			isa = XCBuildConfiguration;
			buildSettings = {
				ALWAYS_SEARCH_USER_PATHS = NO;
				CLANG_ANALYZER_NONNULL = YES;
				CLANG_ANALYZER_NUMBER_OBJECT_CONVERSION = YES_AGGRESSIVE;
				CLANG_CXX_LANGUAGE_STANDARD = "gnu++14";
				CLANG_CXX_LIBRARY = "libc++";
				CLANG_ENABLE_MODULES = YES;
				CLANG_ENABLE_OBJC_ARC = YES;
				CLANG_ENABLE_OBJC_WEAK = YES;
				CLANG_WARN_BLOCK_CAPTURE_AUTORELEASING = YES;
				CLANG_WARN_BOOL_CONVERSION = YES;
				CLANG_WARN_COMMA = YES;
				CLANG_WARN_CONSTANT_CONVERSION = YES;
				CLANG_WARN_DEPRECATED_OBJC_IMPLEMENTATIONS = YES;
				CLANG_WARN_DIRECT_OBJC_ISA_USAGE = YES_ERROR;
				CLANG_WARN_DOCUMENTATION_COMMENTS = YES;
				CLANG_WARN_EMPTY_BODY = YES;
				CLANG_WARN_ENUM_CONVERSION = YES;
				CLANG_WARN_INFINITE_RECURSION = YES;
				CLANG_WARN_INT_CONVERSION = YES;
				CLANG_WARN_NON_LITERAL_NULL_CONVERSION = YES;
				CLANG_WARN_OBJC_IMPLICIT_RETAIN_SELF = YES;
				CLANG_WARN_OBJC_LITERAL_CONVERSION = YES;
				CLANG_WARN_OBJC_ROOT_CLASS = YES_ERROR;
				CLANG_WARN_QUOTED_INCLUDE_IN_FRAMEWORK_HEADER = YES;
				CLANG_WARN_RANGE_LOOP_ANALYSIS = YES;
				CLANG_WARN_STRICT_PROTOTYPES = YES;
				CLANG_WARN_SUSPICIOUS_MOVE = YES;
				CLANG_WARN_UNGUARDED_AVAILABILITY = YES_AGGRESSIVE;
				CLANG_WARN_UNREACHABLE_CODE = YES;
				CLANG_WARN__DUPLICATE_METHOD_MATCH = YES;
				COPY_PHASE_STRIP = NO;
				DEBUG_INFORMATION_FORMAT = "dwarf-with-dsym";
				ENABLE_NS_ASSERTIONS = NO;
				ENABLE_STRICT_OBJC_MSGSEND = YES;
				GCC_C_LANGUAGE_STANDARD = gnu11;
				GCC_NO_COMMON_BLOCKS = YES;
				GCC_WARN_64_TO_32_BIT_CONVERSION = YES;
				GCC_WARN_ABOUT_RETURN_TYPE = YES_ERROR;
				GCC_WARN_UNDECLARED_SELECTOR = YES;
				GCC_WARN_UNINITIALIZED_AUTOS = YES_AGGRESSIVE;
				GCC_WARN_UNUSED_FUNCTION = YES;
				GCC_WARN_UNUSED_VARIABLE = YES;
				IPHONEOS_DEPLOYMENT_TARGET = 14.5;
				MTL_ENABLE_DEBUG_INFO = NO;
				MTL_FAST_MATH = YES;
				SDKROOT = iphoneos;
				SWIFT_COMPILATION_MODE = wholemodule;
				SWIFT_OPTIMIZATION_LEVEL = "-O";
				VALIDATE_PRODUCT = YES;
			};
			name = Release;
		};
		0B4439A426A6DD7A0065FD42 /* Debug */ = {
			isa = XCBuildConfiguration;
			buildSettings = {
				ASSETCATALOG_COMPILER_APPICON_NAME = AppIcon;
				ASSETCATALOG_COMPILER_GLOBAL_ACCENT_COLOR_NAME = AccentColor;
				CODE_SIGN_STYLE = Automatic;
				DEVELOPMENT_TEAM = NLZ958R72S;
				INFOPLIST_FILE = ClearScoreExample/Resources/Info.plist;
				LD_RUNPATH_SEARCH_PATHS = (
					"$(inherited)",
					"@executable_path/Frameworks",
				);
				PRODUCT_BUNDLE_IDENTIFIER = Steewe.ClearScoreExample;
				PRODUCT_NAME = "$(TARGET_NAME)";
				SWIFT_VERSION = 5.0;
				TARGETED_DEVICE_FAMILY = 1;
			};
			name = Debug;
		};
		0B4439A526A6DD7A0065FD42 /* Release */ = {
			isa = XCBuildConfiguration;
			buildSettings = {
				ASSETCATALOG_COMPILER_APPICON_NAME = AppIcon;
				ASSETCATALOG_COMPILER_GLOBAL_ACCENT_COLOR_NAME = AccentColor;
				CODE_SIGN_STYLE = Automatic;
				DEVELOPMENT_TEAM = NLZ958R72S;
				INFOPLIST_FILE = ClearScoreExample/Resources/Info.plist;
				LD_RUNPATH_SEARCH_PATHS = (
					"$(inherited)",
					"@executable_path/Frameworks",
				);
				PRODUCT_BUNDLE_IDENTIFIER = Steewe.ClearScoreExample;
				PRODUCT_NAME = "$(TARGET_NAME)";
				SWIFT_VERSION = 5.0;
				TARGETED_DEVICE_FAMILY = 1;
			};
			name = Release;
		};
		0B4439A726A6DD7A0065FD42 /* Debug */ = {
			isa = XCBuildConfiguration;
			buildSettings = {
				ALWAYS_EMBED_SWIFT_STANDARD_LIBRARIES = YES;
				BUNDLE_LOADER = "$(TEST_HOST)";
				CLANG_ENABLE_MODULES = YES;
				CODE_SIGN_STYLE = Automatic;
				DEVELOPMENT_TEAM = NLZ958R72S;
				INFOPLIST_FILE = ClearScoreExampleTests/Info.plist;
				IPHONEOS_DEPLOYMENT_TARGET = 14.5;
				LD_RUNPATH_SEARCH_PATHS = (
					"$(inherited)",
					"@executable_path/Frameworks",
					"@loader_path/Frameworks",
				);
				PRODUCT_BUNDLE_IDENTIFIER = Steewe.ClearScoreExampleTests;
				PRODUCT_NAME = "$(TARGET_NAME)";
				SWIFT_OPTIMIZATION_LEVEL = "-Onone";
				SWIFT_VERSION = 5.0;
				TARGETED_DEVICE_FAMILY = "1,2";
				TEST_HOST = "$(BUILT_PRODUCTS_DIR)/ClearScoreExample.app/ClearScoreExample";
			};
			name = Debug;
		};
		0B4439A826A6DD7A0065FD42 /* Release */ = {
			isa = XCBuildConfiguration;
			buildSettings = {
				ALWAYS_EMBED_SWIFT_STANDARD_LIBRARIES = YES;
				BUNDLE_LOADER = "$(TEST_HOST)";
				CLANG_ENABLE_MODULES = YES;
				CODE_SIGN_STYLE = Automatic;
				DEVELOPMENT_TEAM = NLZ958R72S;
				INFOPLIST_FILE = ClearScoreExampleTests/Info.plist;
				IPHONEOS_DEPLOYMENT_TARGET = 14.5;
				LD_RUNPATH_SEARCH_PATHS = (
					"$(inherited)",
					"@executable_path/Frameworks",
					"@loader_path/Frameworks",
				);
				PRODUCT_BUNDLE_IDENTIFIER = Steewe.ClearScoreExampleTests;
				PRODUCT_NAME = "$(TARGET_NAME)";
				SWIFT_VERSION = 5.0;
				TARGETED_DEVICE_FAMILY = "1,2";
				TEST_HOST = "$(BUILT_PRODUCTS_DIR)/ClearScoreExample.app/ClearScoreExample";
			};
			name = Release;
		};
/* End XCBuildConfiguration section */

/* Begin XCConfigurationList section */
		0B44397426A6DD770065FD42 /* Build configuration list for PBXProject "ClearScoreExample" */ = {
			isa = XCConfigurationList;
			buildConfigurations = (
				0B4439A126A6DD7A0065FD42 /* Debug */,
				0B4439A226A6DD7A0065FD42 /* Release */,
			);
			defaultConfigurationIsVisible = 0;
			defaultConfigurationName = Release;
		};
		0B4439A326A6DD7A0065FD42 /* Build configuration list for PBXNativeTarget "ClearScoreExample" */ = {
			isa = XCConfigurationList;
			buildConfigurations = (
				0B4439A426A6DD7A0065FD42 /* Debug */,
				0B4439A526A6DD7A0065FD42 /* Release */,
			);
			defaultConfigurationIsVisible = 0;
			defaultConfigurationName = Release;
		};
		0B4439A626A6DD7A0065FD42 /* Build configuration list for PBXNativeTarget "ClearScoreExampleTests" */ = {
			isa = XCConfigurationList;
			buildConfigurations = (
				0B4439A726A6DD7A0065FD42 /* Debug */,
				0B4439A826A6DD7A0065FD42 /* Release */,
			);
			defaultConfigurationIsVisible = 0;
			defaultConfigurationName = Release;
		};
/* End XCConfigurationList section */

/* Begin XCSwiftPackageProductDependency section */
		0B70B38826A6DE870020EAB9 /* Network */ = {
			isa = XCSwiftPackageProductDependency;
			productName = Network;
		};
/* End XCSwiftPackageProductDependency section */
	};
	rootObject = 0B44397126A6DD770065FD42 /* Project object */;
}
